{
  "name": "@repomix/memory-benchmarks",
  "version": "1.0.0",
  "lockfileVersion": 3,
  "requires": true,
  "packages": {
    "": {
      "name": "@repomix/memory-benchmarks",
      "version": "1.0.0",
      "dependencies": {
        "@types/asciichart": "^1.5.8",
        "asciichart": "^1.5.25",
        "repomix": "file:../.."
      },
      "devDependencies": {
        "@types/node": "^24.7.2",
        "typescript": "^5.9.3"
      },
      "engines": {
        "node": ">=18.0.0"
      }
    },
    "../..": {
      "version": "1.8.0",
      "license": "MIT",
      "dependencies": {
        "@clack/prompts": "^0.11.0",
        "@modelcontextprotocol/sdk": "^1.20.0",
        "@secretlint/core": "^11.2.5",
        "@secretlint/secretlint-rule-preset-recommend": "^11.2.5",
        "clipboardy": "^5.0.0",
        "commander": "^14.0.1",
        "fast-xml-parser": "^5.3.0",
        "fflate": "^0.8.2",
        "git-url-parse": "^16.1.0",
        "globby": "^15.0.0",
        "handlebars": "^4.7.8",
        "iconv-lite": "^0.7.0",
        "istextorbinary": "^9.5.0",
        "jiti": "^2.6.1",
        "jschardet": "^3.1.4",
        "json5": "^2.2.3",
        "log-update": "^7.0.1",
        "minimatch": "^10.0.3",
        "picocolors": "^1.1.1",
        "strip-comments": "^2.0.1",
        "tiktoken": "^1.0.22",
        "tinypool": "^2.0.0",
        "tree-sitter-wasms": "^0.1.13",
        "web-tree-sitter": "^0.25.10",
        "zod": "^3.25.76"
      },
      "bin": {
        "repomix": "bin/repomix.cjs"
      },
      "devDependencies": {
        "@biomejs/biome": "^2.2.6",
        "@secretlint/types": "^11.2.5",
        "@types/node": "^24.7.2",
        "@types/strip-comments": "^2.0.4",
        "@typescript/native-preview": "^7.0.0-dev.20251013.1",
        "@vitest/coverage-v8": "^3.2.4",
        "git-up": "^8.1.1",
        "oxlint": "^1.22.0",
        "rimraf": "^6.0.1",
        "secretlint": "^11.2.5",
        "tsx": "^4.20.6",
        "typescript": "^5.9.3",
        "vite": "^7.1.9",
        "vitest": "^3.2.4"
      },
      "engines": {
        "node": ">=20.0.0",
        "yarn": ">=1.22.22"
      }
    },
    "node_modules/@types/asciichart": {
      "version": "1.5.8",
      "resolved": "https://registry.npmjs.org/@types/asciichart/-/asciichart-1.5.8.tgz",
      "integrity": "sha512-8yzgCUybv8/yUfj4WeTh7G+V+AxU7AzwsF2CrkTtARKHdrxE/EiByF2efUMj6qdm87tENucNu6pLs22RWU0H7g==",
      "license": "MIT"
    },
    "node_modules/@types/node": {
      "version": "24.8.1",
      "resolved": "https://registry.npmjs.org/@types/node/-/node-24.8.1.tgz",
      "integrity": "sha512-alv65KGRadQVfVcG69MuB4IzdYVpRwMG/mq8KWOaoOdyY617P5ivaDiMCGOFDWD2sAn5Q0mR3mRtUOgm99hL9Q==",
      "dev": true,
      "license": "MIT",
      "dependencies": {
        "undici-types": "~7.14.0"
      }
    },
    "node_modules/asciichart": {
      "version": "1.5.25",
      "resolved": "https://registry.npmjs.org/asciichart/-/asciichart-1.5.25.tgz",
      "integrity": "sha512-PNxzXIPPOtWq8T7bgzBtk9cI2lgS4SJZthUHEiQ1aoIc3lNzGfUvIvo9LiAnq26TACo9t1/4qP6KTGAUbzX9Xg==",
      "license": "MIT"
    },
    "node_modules/repomix": {
      "resolved": "../..",
      "link": true
    },
    "node_modules/typescript": {
      "version": "5.9.3",
      "resolved": "https://registry.npmjs.org/typescript/-/typescript-5.9.3.tgz",
      "integrity": "sha512-jl1vZzPDinLr9eUt3J/t7V6FgNEw9QjvBPdysz9KfQDD41fQrC2Y4vKQdiaUpFT4bXlb1RHhLpp8wtm6M5TgSw==",
      "dev": true,
      "license": "Apache-2.0",
      "bin": {
        "tsc": "bin/tsc",
        "tsserver": "bin/tsserver"
      },
      "engines": {
        "node": ">=14.17"
      }
    },
    "node_modules/undici-types": {
      "version": "7.14.0",
      "resolved": "https://registry.npmjs.org/undici-types/-/undici-types-7.14.0.tgz",
      "integrity": "sha512-QQiYxHuyZ9gQUIrmPo3IA+hUl4KYk8uSA7cHrcKd/l3p1OTpZcM0Tbp9x7FAtXdAYhlasd60ncPpgu6ihG6TOA==",
      "dev": true,
      "license": "MIT"
    }
  }
}
